github.com/davecgh/go-spew v1.1.0 h1:ZDRjVQ15GmhC3fiQ8ni8+OwkZQO4DARzQgrnXU1Liz8=
github.com/davecgh/go-spew v1.1.0/go.mod h1:J7Y8YcW2NihsgmVo/mv3lAwl/skON4iLHjSsI+c5H38=
github.com/jessevdk/go-flags v1.5.0 h1:1jKYvbxEjfUl0fmqTCOfonvskHHXMjBySTLW4y9LFvc=
github.com/jessevdk/go-flags v1.5.0/go.mod h1:Fw0T6WPc1dYxT4mKEZRfG5kJhaTDP9pj1c2EWnYs/m4=
github.com/logrusorgru/aurora v2.0.3+incompatible h1:tOpm7WcpBTn4fjmVfgpQq0EfczGlG91VSDkswnjF5A8=
github.com/logrusorgru/aurora v2.0.3+incompatible/go.mod h1:7rIyQOR62GCctdiQpZ/zOJlFyk6y+94wXzv6RNZgaR4=
github.com/mattn/go-isatty v0.0.19 h1:JITubQf0MOLdlGRuRq+jtsDlekdYPia9ZFsB8h/APPA=
github.com/mattn/go-isatty v0.0.19/go.mod h1:W+V8PltTTMOvKvAeJH7IuucS94S2C6jfK/D7dTCTo3Y=
github.com/pmezard/go-difflib v1.0.0 h1:4DBwDE0NGyQoBHbLQYPwSUPoCMWR5BEzIk/f1lZbAQM=
github.com/pmezard/go-difflib v1.0.0/go.mod h1:iKH77koFhYxTK1pcRnkKkqfTogsbg7gZNVY4sRDYZ/4=
github.com/r3labs/diff/v3 v3.0.1 h1:CBKqf3XmNRHXKmdU7mZP1w7TV0pDyVCis1AUHtA4Xtg=
github.com/r3labs/diff/v3 v3.0.1/go.mod h1:f1S9bourRbiM66NskseyUdo0fTmEE0qKrikYJX63dgo=
github.com/stretchr/objx v0.1.0/go.mod h1:HFkY916IF+rwdDfMAkV7OtwuqBVzrE8GR6GFx+wExME=
github.com/stretchr/testify v1.6.1 h1:hDPOHmpOpP40lSULcqw7IrRb/u7w6RpDC9399XyoNd0=
github.com/stretchr/testify v1.6.1/go.mod h1:6Fq8oRcR53rry900zMqJjRRixrwX3KX962/h/Wwjteg=
github.com/vmihailenco/msgpack/v5 v5.3.5/go.mod h1:7xyJ9e+0+9SaZT0Wt1RGleJXzli6Q/V5KbhBonMG9jc=
github.com/vmihailenco/msgpack/v5 v5.4.0 h1:hRM0digJwyR6vll33NNAwCFguy5JuBD6jxDmQP3l608=
github.com/vmihailenco/msgpack/v5 v5.4.0/go.mod h1:GaZTsDaehaPpQVyxrf5mtQlH+pc21PIudVV/E3rRQok=
github.com/vmihailenco/tagparser/v2 v2.0.0 h1:y09buUbR+b5aycVFQs/g70pqKVZNBmxwAhO7/IwNM9g=
github.com/vmihailenco/tagparser/v2 v2.0.0/go.mod h1:Wri+At7QHww0WTrCBeu4J6bNtoV6mEfg5OIWRZA9qds=
golang.org/x/mod v0.32.0 h1:9F4d3PHLljb6x//jOyokMv3eX+YDeepZSEo3mFJy93c=
golang.org/x/mod v0.32.0/go.mod h1:SgipZ/3h2Ci89DlEtEXWUk/HteuRin+HHhN+WbNhguU=
golang.org/x/sync v0.19.0 h1:vV+1eWNmZ5geRlYjzm2adRgW2/mcpevXNg50YZtPCE4=
golang.org/x/sync v0.19.0/go.mod h1:9KTHXmSnoGruLpwFjVSX0lNNA75CykiMECbovNTZqGI=
golang.org/x/sys v0.0.0-20210320140829-1e4c9ba3b0c4/go.mod h1:h1NjWce9XRLGQEsW7wpKNCjG9DtNlClVuFLEZdDNbEs=
golang.org/x/sys v0.6.0/go.mod h1:oPkhp1MJrh7nUepCBck5+mAzfO9JrbApNNgaTdGDITg=
golang.org/x/sys v0.13.0 h1:Af8nKPmuFypiUBjVoU9V20FiaFXOcuZI21p0ycVYYGE=
golang.org/x/sys v0.13.0/go.mod h1:oPkhp1MJrh7nUepCBck5+mAzfO9JrbApNNgaTdGDITg=
golang.org/x/sys v0.40.0 h1:DBZZqJ2Rkml6QMQsZywtnjnnGvHza6BTfYFWY9kjEWQ=
golang.org/x/sys v0.40.0/go.mod h1:OgkHotnGiDImocRcuBABYBEXf8A9a87e/uXjp9XT3ks=
golang.org/x/telemetry v0.0.0-20260109210033-bd525da824e2 h1:O1cMQHRfwNpDfDJerqRoE2oD+AFlyid87D40L/OkkJo=
golang.org/x/telemetry v0.0.0-20260109210033-bd525da824e2/go.mod h1:b7fPSJ0pKZ3ccUh8gnTONJxhn3c/PS6tyzQvyqw4iA8=
golang.org/x/tools v0.40.0 h1:yLkxfA+Qnul4cs9QA3KnlFu0lVmd8JJfoq+E41uSutA=
golang.org/x/tools v0.40.0/go.mod h1:Ik/tzLRlbscWpqqMRjyWYDisX8bG13FrdXp3o4Sr9lc=
gopkg.in/check.v1 v0.0.0-20161208181325-20d25e280405 h1:yhCVgyC4o1eVCa2tZl7eS0r+SDo693bJlVdllGtEeKM=
gopkg.in/check.v1 v0.0.0-20161208181325-20d25e280405/go.mod h1:Co6ibVJAznAaIkqp8huTwlJQCZ016jof/cbN4VW5Yz0=
gopkg.in/yaml.v3 v3.0.0-20200313102051-9f266ea9e77c/go.mod h1:K4uyk7z7BCEPqu6E+C64Yfv1cQ7kz7rIZviUmN+EgEM=
gopkg.in/yaml.v3 v3.0.1 h1:fxVm/GzAzEWqLHuvctI91KS9hhNmmWOoWu0XTYJS7CA=
gopkg.in/yaml.v3 v3.0.1/go.mod h1:K4uyk7z7BCEPqu6E+C64Yfv1cQ7kz7rIZviUmN+EgEM=
