github.com/davecgh/go-spew v1.1.0 h1:ZDRjVQ15GmhC3fiQ8ni8+OwkZQO4DARzQgrnXU1Liz8=
github.com/davecgh/go-spew v1.1.0/go.mod h1:J7Y8YcW2NihsgmVo/mv3lAwl/skON4iLHjSsI+c5H38=
github.com/jessevdk/go-flags v1.3.0 h1:QmKsgik/Z5fJ11ZtlcA8F+XW9dNybBNFQ1rngF3MmdU=
github.com/jessevdk/go-flags v1.3.0/go.mod h1:4FA24M0QyGHXBuZZK/XkWh8h0e1EYbRYJSGM75WSRxI=
github.com/kr/pretty v0.2.1 h1:Fmg33tUaq4/8ym9TJN1x7sLJnHVwhP33CNkpYV/7rwI=
github.com/kr/pretty v0.2.1/go.mod h1:ipq/a2n7PKx3OHsz4KJII5eveXtPO4qwEXGdVfWzfnI=
github.com/kr/pty v1.1.1/go.mod h1:pFQYn66WHrOpPYNljwOMqo10TkYh1fy3cYio2l3bCsQ=
github.com/kr/text v0.1.0 h1:45sCR5RtlFHMR4UwH9sdQ5TC8v0qDQCHnXt+kaKSTVE=
github.com/kr/text v0.1.0/go.mod h1:4Jbv+DJW3UT/LiOwJeYQe1efqtUx/iVham/4vfdArNI=
github.com/logrusorgru/aurora v0.0.0-20161216170044-962a6974312d h1:mUY77ku2KjtUf3LE2ofFOz3b1Ajzmf289DCBlEGcYY0=
github.com/logrusorgru/aurora v0.0.0-20161216170044-962a6974312d/go.mod h1:7rIyQOR62GCctdiQpZ/zOJlFyk6y+94wXzv6RNZgaR4=
github.com/mattn/go-isatty v0.0.2 h1:F+DnWktyadxnOrohKLNUC9/GjFii5RJgY4GFG6ilggw=
github.com/mattn/go-isatty v0.0.2/go.mod h1:M+lRXTBqGeGNdLjl/ufCoiOlB5xdOkqRJdNxMWT7Zi4=
github.com/pmezard/go-difflib v1.0.0 h1:4DBwDE0NGyQoBHbLQYPwSUPoCMWR5BEzIk/f1lZbAQM=
github.com/pmezard/go-difflib v1.0.0/go.mod h1:iKH77koFhYxTK1pcRnkKkqfTogsbg7gZNVY4sRDYZ/4=
github.com/r3labs/diff v1.1.0 h1:V53xhrbTHrWFWq3gI4b94AjgEJOerO1+1l0xyHOBi8M=
github.com/r3labs/diff v1.1.0/go.mod h1:7WjXasNzi0vJetRcB/RqNl5dlIsmXcTTLmF5IoH6Xig=
github.com/stretchr/objx v0.1.0/go.mod h1:HFkY916IF+rwdDfMAkV7OtwuqBVzrE8GR6GFx+wExME=
github.com/stretchr/testify v1.5.1 h1:nOGnQDM7FYENwehXlg/kFVnos3rEvtKTjRvOWSzb6H4=
github.com/stretchr/testify v1.5.1/go.mod h1:5W2xD1RspED5o8YsWQXVCued0rvSQ+mT+I5cxcmMvtA=
golang.org/x/sys v0.0.0-20170809190605-e42485b6e20a h1:qz9fUs58lV7lIbnkgEzLALJfXLEJuPUlUmrPOLST4bE=
golang.org/x/sys v0.0.0-20170809190605-e42485b6e20a/go.mod h1:STP8DvDyc/dI5b8T5hshtkjS+E42TnysNCUPdjciGhY=
gopkg.in/check.v1 v0.0.0-20161208181325-20d25e280405/go.mod h1:Co6ibVJAznAaIkqp8huTwlJQCZ016jof/cbN4VW5Yz0=
gopkg.in/check.v1 v1.0.0-20201130134442-10cb98267c6c h1:Hei/4ADfdWqJk1ZMxUNpqntNwaWcugrBjAiHlqqRiVk=
gopkg.in/check.v1 v1.0.0-20201130134442-10cb98267c6c/go.mod h1:JHkPIbrfpd72SG/EVd6muEfDQjcINNoR0C8j2r3qZ4Q=
gopkg.in/yaml.v2 v2.2.2 h1:ZCJp+EgiOT7lHqUV2J862kp8Qj64Jo6az82+3Td9dZw=
gopkg.in/yaml.v2 v2.2.2/go.mod h1:hI93XBmqTisBFMUTm0b8Fm+jr3Dg1NNxqwp+5A1VGuI=
