# This file is autogenerated, do not edit; changes may be undone by the next 'dep ensure'.


[[projects]]
  name = "github.com/jessevdk/go-flags"
  packages = ["."]
  revision = "96dc06278ce32a0e9d957d590bb987c81ee66407"
  version = "v1.3.0"

[[projects]]
  branch = "master"
  name = "github.com/kylelemons/godebug"
  packages = ["diff","pretty"]
  revision = "a616ab194758ae0a11290d87ca46ee8c440117b0"

[[projects]]
  branch = "master"
  name = "github.com/logrusorgru/aurora"
  packages = ["."]
  revision = "962a6974312dde57d1f6f5738b4f83e1af9f38a4"

[[projects]]
  branch = "master"
  name = "golang.org/x/crypto"
  packages = ["ssh/terminal"]
  revision = "42ff06aea7c329876e5a0fe94acc96902accf0ad"

[[projects]]
  branch = "master"
  name = "golang.org/x/sys"
  packages = ["unix","windows"]
  revision = "d8f5ea21b9295e315e612b4bcf4bedea93454d4d"

[[projects]]
  branch = "v2"
  name = "gopkg.in/yaml.v2"
  packages = ["."]
  revision = "25c4ec802a7d637f88d584ab26798e94ad14c13b"

[solve-meta]
  analyzer-name = "dep"
  analyzer-version = 1
  inputs-digest = "5cb5c8c2dbbc3b56590e44430bbfa1cd70b6e59271c6ac41130640e417c3a9dc"
  solver-name = "gps-cdcl"
  solver-version = 1
