# This file is autogenerated, do not edit; changes may be undone by the next 'dep ensure'.


[[projects]]
  branch = "devel"
  name = "github.com/go-yaml/yaml"
  packages = ["."]
  revision = "a64b8214730256be97296f5ff52587aa78769445"

[[projects]]
  name = "github.com/jessevdk/go-flags"
  packages = ["."]
  revision = "96dc06278ce32a0e9d957d590bb987c81ee66407"
  version = "v1.3.0"

[[projects]]
  branch = "master"
  name = "github.com/kylelemons/godebug"
  packages = ["diff","pretty"]
  revision = "d65d576e9348f5982d7f6d83682b694e731a45c6"

[[projects]]
  branch = "master"
  name = "github.com/logrusorgru/aurora"
  packages = ["."]
  revision = "ca24023cc0175fdf372518cb1c5062cc86db2634"

[[projects]]
  name = "github.com/mattn/go-isatty"
  packages = ["."]
  revision = "0360b2af4f38e8d38c7fce2a9f4e702702d73a39"
  version = "v0.0.3"

[[projects]]
  branch = "master"
  name = "golang.org/x/sys"
  packages = ["unix"]
  revision = "3dbebcf8efb6a5011a60c2b4591c1022a759af8a"

[solve-meta]
  analyzer-name = "dep"
  analyzer-version = 1
  inputs-digest = "e3f88667cb02904de711b8eb1459021d17970bd6c1c7fc8085807a4478c9682e"
  solver-name = "gps-cdcl"
  solver-version = 1
